// !$*UTF8*$!
{
	archiveVersion = 1;
	classes = {
	};
	objectVersion = 46;
	objects = {

/* Begin PBXBuildFile section */
		9F67645E19EA0E4A0056E26F /* main.m in Sources */ = {isa = PBXBuildFile; fileRef = 9F67645D19EA0E4A0056E26F /* main.m */; };
		9F67646119EA0E4A0056E26F /* AppDelegate.m in Sources */ = {isa = PBXBuildFile; fileRef = 9F67646019EA0E4A0056E26F /* AppDelegate.m */; };
		9F67646919EA0E4A0056E26F /* Images.xcassets in Resources */ = {isa = PBXBuildFile; fileRef = 9F67646819EA0E4A0056E26F /* Images.xcassets */; };
		9F67647819EA0E4A0056E26F /* SimpleWhiteboardTests.m in Sources */ = {isa = PBXBuildFile; fileRef = 9F67647719EA0E4A0056E26F /* SimpleWhiteboardTests.m */; };
		9FD48AB519EB79E1004FA078 /* DrawViewController.m in Sources */ = {isa = PBXBuildFile; fileRef = 9FD48AB019EB79E1004FA078 /* DrawViewController.m */; };
		9FD48AB619EB79E1004FA078 /* LoginViewController.m in Sources */ = {isa = PBXBuildFile; fileRef = 9FD48AB219EB79E1004FA078 /* LoginViewController.m */; };
		9FD48AB719EB79E1004FA078 /* RootNavController.m in Sources */ = {isa = PBXBuildFile; fileRef = 9FD48AB419EB79E1004FA078 /* RootNavController.m */; };
		9FD48ABB19EB79F1004FA078 /* InputTextView.m in Sources */ = {isa = PBXBuildFile; fileRef = 9FD48ABA19EB79F1004FA078 /* InputTextView.m */; };
/* End PBXBuildFile section */

/* Begin PBXContainerItemProxy section */
		9F67647219EA0E4A0056E26F /* PBXContainerItemProxy */ = {
			isa = PBXContainerItemProxy;
			containerPortal = 9F67645019EA0E4A0056E26F /* Project object */;
			proxyType = 1;
			remoteGlobalIDString = 9F67645719EA0E4A0056E26F;
			remoteInfo = SimpleWhiteboard;
		};
/* End PBXContainerItemProxy section */

/* Begin PBXFileReference section */
		9F67645819EA0E4A0056E26F /* SimpleWhiteboard.app */ = {isa = PBXFileReference; explicitFileType = wrapper.application; includeInIndex = 0; path = SimpleWhiteboard.app; sourceTree = BUILT_PRODUCTS_DIR; };
		9F67645C19EA0E4A0056E26F /* Info.plist */ = {isa = PBXFileReference; lastKnownFileType = text.plist.xml; path = Info.plist; sourceTree = "<group>"; };
		9F67645D19EA0E4A0056E26F /* main.m */ = {isa = PBXFileReference; lastKnownFileType = sourcecode.c.objc; path = main.m; sourceTree = "<group>"; };
		9F67645F19EA0E4A0056E26F /* AppDelegate.h */ = {isa = PBXFileReference; lastKnownFileType = sourcecode.c.h; path = AppDelegate.h; sourceTree = "<group>"; };
		9F67646019EA0E4A0056E26F /* AppDelegate.m */ = {isa = PBXFileReference; lastKnownFileType = sourcecode.c.objc; path = AppDelegate.m; sourceTree = "<group>"; };
		9F67646819EA0E4A0056E26F /* Images.xcassets */ = {isa = PBXFileReference; lastKnownFileType = folder.assetcatalog; name = Images.xcassets; path = SimpleWhiteboard/Images.xcassets; sourceTree = "<group>"; };
		9F67647119EA0E4A0056E26F /* SimpleWhiteboardTests.xctest */ = {isa = PBXFileReference; explicitFileType = wrapper.cfbundle; includeInIndex = 0; path = SimpleWhiteboardTests.xctest; sourceTree = BUILT_PRODUCTS_DIR; };
		9F67647619EA0E4A0056E26F /* Info.plist */ = {isa = PBXFileReference; lastKnownFileType = text.plist.xml; path = Info.plist; sourceTree = "<group>"; };
		9F67647719EA0E4A0056E26F /* SimpleWhiteboardTests.m */ = {isa = PBXFileReference; lastKnownFileType = sourcecode.c.objc; path = SimpleWhiteboardTests.m; sourceTree = "<group>"; };
		9FD48AAF19EB79E1004FA078 /* DrawViewController.h */ = {isa = PBXFileReference; fileEncoding = 4; lastKnownFileType = sourcecode.c.h; name = DrawViewController.h; path = "View Controllers/DrawViewController.h"; sourceTree = "<group>"; };
		9FD48AB019EB79E1004FA078 /* DrawViewController.m */ = {isa = PBXFileReference; fileEncoding = 4; lastKnownFileType = sourcecode.c.objc; name = DrawViewController.m; path = "View Controllers/DrawViewController.m"; sourceTree = "<group>"; };
		9FD48AB119EB79E1004FA078 /* LoginViewController.h */ = {isa = PBXFileReference; fileEncoding = 4; lastKnownFileType = sourcecode.c.h; name = LoginViewController.h; path = "View Controllers/LoginViewController.h"; sourceTree = "<group>"; };
		9FD48AB219EB79E1004FA078 /* LoginViewController.m */ = {isa = PBXFileReference; fileEncoding = 4; lastKnownFileType = sourcecode.c.objc; name = LoginViewController.m; path = "View Controllers/LoginViewController.m"; sourceTree = "<group>"; };
		9FD48AB319EB79E1004FA078 /* RootNavController.h */ = {isa = PBXFileReference; fileEncoding = 4; lastKnownFileType = sourcecode.c.h; name = RootNavController.h; path = "View Controllers/RootNavController.h"; sourceTree = "<group>"; };
		9FD48AB419EB79E1004FA078 /* RootNavController.m */ = {isa = PBXFileReference; fileEncoding = 4; lastKnownFileType = sourcecode.c.objc; name = RootNavController.m; path = "View Controllers/RootNavController.m"; sourceTree = "<group>"; };
		9FD48AB919EB79F1004FA078 /* InputTextView.h */ = {isa = PBXFileReference; fileEncoding = 4; lastKnownFileType = sourcecode.c.h; name = InputTextView.h; path = Views/InputTextView.h; sourceTree = "<group>"; };
		9FD48ABA19EB79F1004FA078 /* InputTextView.m */ = {isa = PBXFileReference; fileEncoding = 4; lastKnownFileType = sourcecode.c.objc; name = InputTextView.m; path = Views/InputTextView.m; sourceTree = "<group>"; };
/* End PBXFileReference section */

/* Begin PBXFrameworksBuildPhase section */
		9F67645519EA0E4A0056E26F /* Frameworks */ = {
			isa = PBXFrameworksBuildPhase;
			buildActionMask = 2147483647;
			files = (
			);
			runOnlyForDeploymentPostprocessing = 0;
		};
		9F67646E19EA0E4A0056E26F /* Frameworks */ = {
			isa = PBXFrameworksBuildPhase;
			buildActionMask = 2147483647;
			files = (
			);
			runOnlyForDeploymentPostprocessing = 0;
		};
/* End PBXFrameworksBuildPhase section */

/* Begin PBXGroup section */
		9F67644F19EA0E4A0056E26F = {
			isa = PBXGroup;
			children = (
				9F67645A19EA0E4A0056E26F /* SimpleWhiteboard */,
				9F67647419EA0E4A0056E26F /* SimpleWhiteboardTests */,
				9F67645919EA0E4A0056E26F /* Products */,
				9F67645B19EA0E4A0056E26F /* Supporting Files */,
				9F67646819EA0E4A0056E26F /* Images.xcassets */,
			);
			sourceTree = "<group>";
		};
		9F67645919EA0E4A0056E26F /* Products */ = {
			isa = PBXGroup;
			children = (
				9F67645819EA0E4A0056E26F /* SimpleWhiteboard.app */,
				9F67647119EA0E4A0056E26F /* SimpleWhiteboardTests.xctest */,
			);
			name = Products;
			sourceTree = "<group>";
		};
		9F67645A19EA0E4A0056E26F /* SimpleWhiteboard */ = {
			isa = PBXGroup;
			children = (
				9FD48AAE19EB79AA004FA078 /* Views */,
				9FD48AAD19EB79A3004FA078 /* Objects */,
				9FD48AAC19EB799E004FA078 /* View Controllers */,
				9F67645F19EA0E4A0056E26F /* AppDelegate.h */,
				9F67646019EA0E4A0056E26F /* AppDelegate.m */,
			);
			path = SimpleWhiteboard;
			sourceTree = "<group>";
		};
		9F67645B19EA0E4A0056E26F /* Supporting Files */ = {
			isa = PBXGroup;
			children = (
				9F67645C19EA0E4A0056E26F /* Info.plist */,
				9F67645D19EA0E4A0056E26F /* main.m */,
			);
			name = "Supporting Files";
			path = SimpleWhiteboard;
			sourceTree = "<group>";
		};
		9F67647419EA0E4A0056E26F /* SimpleWhiteboardTests */ = {
			isa = PBXGroup;
			children = (
				9F67647719EA0E4A0056E26F /* SimpleWhiteboardTests.m */,
				9F67647519EA0E4A0056E26F /* Supporting Files */,
			);
			path = SimpleWhiteboardTests;
			sourceTree = "<group>";
		};
		9F67647519EA0E4A0056E26F /* Supporting Files */ = {
			isa = PBXGroup;
			children = (
				9F67647619EA0E4A0056E26F /* Info.plist */,
			);
			name = "Supporting Files";
			sourceTree = "<group>";
		};
		9FD48AAC19EB799E004FA078 /* View Controllers */ = {
			isa = PBXGroup;
			children = (
				9FD48AAF19EB79E1004FA078 /* DrawViewController.h */,
				9FD48AB019EB79E1004FA078 /* DrawViewController.m */,
				9FD48AB119EB79E1004FA078 /* LoginViewController.h */,
				9FD48AB219EB79E1004FA078 /* LoginViewController.m */,
				9FD48AB319EB79E1004FA078 /* RootNavController.h */,
				9FD48AB419EB79E1004FA078 /* RootNavController.m */,
			);
			name = "View Controllers";
			sourceTree = "<group>";
		};
		9FD48AAD19EB79A3004FA078 /* Objects */ = {
			isa = PBXGroup;
			children = (
			);
			name = Objects;
			sourceTree = "<group>";
		};
		9FD48AAE19EB79AA004FA078 /* Views */ = {
			isa = PBXGroup;
			children = (
				9FD48AB919EB79F1004FA078 /* InputTextView.h */,
				9FD48ABA19EB79F1004FA078 /* InputTextView.m */,
			);
			name = Views;
			sourceTree = "<group>";
		};
/* End PBXGroup section */

/* Begin PBXNativeTarget section */
		9F67645719EA0E4A0056E26F /* SimpleWhiteboard */ = {
			isa = PBXNativeTarget;
			buildConfigurationList = 9F67647B19EA0E4A0056E26F /* Build configuration list for PBXNativeTarget "SimpleWhiteboard" */;
			buildPhases = (
				9F67645419EA0E4A0056E26F /* Sources */,
				9F67645519EA0E4A0056E26F /* Frameworks */,
				9F67645619EA0E4A0056E26F /* Resources */,
			);
			buildRules = (
			);
			dependencies = (
			);
			name = SimpleWhiteboard;
			productName = SimpleWhiteboard;
			productReference = 9F67645819EA0E4A0056E26F /* SimpleWhiteboard.app */;
			productType = "com.apple.product-type.application";
		};
		9F67647019EA0E4A0056E26F /* SimpleWhiteboardTests */ = {
			isa = PBXNativeTarget;
			buildConfigurationList = 9F67647E19EA0E4A0056E26F /* Build configuration list for PBXNativeTarget "SimpleWhiteboardTests" */;
			buildPhases = (
				9F67646D19EA0E4A0056E26F /* Sources */,
				9F67646E19EA0E4A0056E26F /* Frameworks */,
				9F67646F19EA0E4A0056E26F /* Resources */,
			);
			buildRules = (
			);
			dependencies = (
				9F67647319EA0E4A0056E26F /* PBXTargetDependency */,
			);
			name = SimpleWhiteboardTests;
			productName = SimpleWhiteboardTests;
			productReference = 9F67647119EA0E4A0056E26F /* SimpleWhiteboardTests.xctest */;
			productType = "com.apple.product-type.bundle.unit-test";
		};
/* End PBXNativeTarget section */

/* Begin PBXProject section */
		9F67645019EA0E4A0056E26F /* Project object */ = {
			isa = PBXProject;
			attributes = {
				LastUpgradeCheck = 0600;
				ORGANIZATIONNAME = "Kenneth Siu";
				TargetAttributes = {
					9F67645719EA0E4A0056E26F = {
						CreatedOnToolsVersion = 6.0.1;
					};
					9F67647019EA0E4A0056E26F = {
						CreatedOnToolsVersion = 6.0.1;
						TestTargetID = 9F67645719EA0E4A0056E26F;
					};
				};
			};
			buildConfigurationList = 9F67645319EA0E4A0056E26F /* Build configuration list for PBXProject "SimpleWhiteboard" */;
			compatibilityVersion = "Xcode 3.2";
			developmentRegion = English;
			hasScannedForEncodings = 0;
			knownRegions = (
				en,
				Base,
			);
			mainGroup = 9F67644F19EA0E4A0056E26F;
			productRefGroup = 9F67645919EA0E4A0056E26F /* Products */;
			projectDirPath = "";
			projectRoot = "";
			targets = (
				9F67645719EA0E4A0056E26F /* SimpleWhiteboard */,
				9F67647019EA0E4A0056E26F /* SimpleWhiteboardTests */,
			);
		};
/* End PBXProject section */

/* Begin PBXResourcesBuildPhase section */
		9F67645619EA0E4A0056E26F /* Resources */ = {
			isa = PBXResourcesBuildPhase;
			buildActionMask = 2147483647;
			files = (
				9F67646919EA0E4A0056E26F /* Images.xcassets in Resources */,
			);
			runOnlyForDeploymentPostprocessing = 0;
		};
		9F67646F19EA0E4A0056E26F /* Resources */ = {
			isa = PBXResourcesBuildPhase;
			buildActionMask = 2147483647;
			files = (
			);
			runOnlyForDeploymentPostprocessing = 0;
		};
/* End PBXResourcesBuildPhase section */

/* Begin PBXSourcesBuildPhase section */
		9F67645419EA0E4A0056E26F /* Sources */ = {
			isa = PBXSourcesBuildPhase;
			buildActionMask = 2147483647;
			files = (
				9FD48AB619EB79E1004FA078 /* LoginViewController.m in Sources */,
				9FD48AB519EB79E1004FA078 /* DrawViewController.m in Sources */,
				9FD48ABB19EB79F1004FA078 /* InputTextView.m in Sources */,
				9F67646119EA0E4A0056E26F /* AppDelegate.m in Sources */,
				9F67645E19EA0E4A0056E26F /* main.m in Sources */,
				9FD48AB719EB79E1004FA078 /* RootNavController.m in Sources */,
			);
			runOnlyForDeploymentPostprocessing = 0;
		};
		9F67646D19EA0E4A0056E26F /* Sources */ = {
			isa = PBXSourcesBuildPhase;
			buildActionMask = 2147483647;
			files = (
				9F67647819EA0E4A0056E26F /* SimpleWhiteboardTests.m in Sources */,
			);
			runOnlyForDeploymentPostprocessing = 0;
		};
/* End PBXSourcesBuildPhase section */

/* Begin PBXTargetDependency section */
		9F67647319EA0E4A0056E26F /* PBXTargetDependency */ = {
			isa = PBXTargetDependency;
			target = 9F67645719EA0E4A0056E26F /* SimpleWhiteboard */;
			targetProxy = 9F67647219EA0E4A0056E26F /* PBXContainerItemProxy */;
		};
/* End PBXTargetDependency section */

/* Begin XCBuildConfiguration section */
		9F67647919EA0E4A0056E26F /* Debug */ = {
			isa = XCBuildConfiguration;
			buildSettings = {
				ALWAYS_SEARCH_USER_PATHS = NO;
				CLANG_CXX_LANGUAGE_STANDARD = "gnu++0x";
				CLANG_CXX_LIBRARY = "libc++";
				CLANG_ENABLE_MODULES = YES;
				CLANG_ENABLE_OBJC_ARC = YES;
				CLANG_WARN_BOOL_CONVERSION = YES;
				CLANG_WARN_CONSTANT_CONVERSION = YES;
				CLANG_WARN_DIRECT_OBJC_ISA_USAGE = YES_ERROR;
				CLANG_WARN_EMPTY_BODY = YES;
				CLANG_WARN_ENUM_CONVERSION = YES;
				CLANG_WARN_INT_CONVERSION = YES;
				CLANG_WARN_OBJC_ROOT_CLASS = YES_ERROR;
				CLANG_WARN_UNREACHABLE_CODE = YES;
				CLANG_WARN__DUPLICATE_METHOD_MATCH = YES;
				"CODE_SIGN_IDENTITY[sdk=iphoneos*]" = "iPhone Developer";
				COPY_PHASE_STRIP = NO;
				ENABLE_STRICT_OBJC_MSGSEND = YES;
				GCC_C_LANGUAGE_STANDARD = gnu99;
				GCC_DYNAMIC_NO_PIC = NO;
				GCC_OPTIMIZATION_LEVEL = 0;
				GCC_PREPROCESSOR_DEFINITIONS = (
					"DEBUG=1",
					"$(inherited)",
				);
				GCC_SYMBOLS_PRIVATE_EXTERN = NO;
				GCC_WARN_64_TO_32_BIT_CONVERSION = YES;
				GCC_WARN_ABOUT_RETURN_TYPE = YES_ERROR;
				GCC_WARN_UNDECLARED_SELECTOR = YES;
				GCC_WARN_UNINITIALIZED_AUTOS = YES_AGGRESSIVE;
				GCC_WARN_UNUSED_FUNCTION = YES;
				GCC_WARN_UNUSED_VARIABLE = YES;
				IPHONEOS_DEPLOYMENT_TARGET = 8.0;
				MTL_ENABLE_DEBUG_INFO = YES;
				ONLY_ACTIVE_ARCH = YES;
				SDKROOT = iphoneos;
				TARGETED_DEVICE_FAMILY = "1,2";
			};
			name = Debug;
		};
		9F67647A19EA0E4A0056E26F /* Release */ = {
			isa = XCBuildConfiguration;
			buildSettings = {
				ALWAYS_SEARCH_USER_PATHS = NO;
				CLANG_CXX_LANGUAGE_STANDARD = "gnu++0x";
				CLANG_CXX_LIBRARY = "libc++";
				CLANG_ENABLE_MODULES = YES;
				CLANG_ENABLE_OBJC_ARC = YES;
				CLANG_WARN_BOOL_CONVERSION = YES;
				CLANG_WARN_CONSTANT_CONVERSION = YES;
				CLANG_WARN_DIRECT_OBJC_ISA_USAGE = YES_ERROR;
				CLANG_WARN_EMPTY_BODY = YES;
				CLANG_WARN_ENUM_CONVERSION = YES;
				CLANG_WARN_INT_CONVERSION = YES;
				CLANG_WARN_OBJC_ROOT_CLASS = YES_ERROR;
				CLANG_WARN_UNREACHABLE_CODE = YES;
				CLANG_WARN__DUPLICATE_METHOD_MATCH = YES;
				"CODE_SIGN_IDENTITY[sdk=iphoneos*]" = "iPhone Developer";
				COPY_PHASE_STRIP = YES;
				ENABLE_NS_ASSERTIONS = NO;
				ENABLE_STRICT_OBJC_MSGSEND = YES;
				GCC_C_LANGUAGE_STANDARD = gnu99;
				GCC_WARN_64_TO_32_BIT_CONVERSION = YES;
				GCC_WARN_ABOUT_RETURN_TYPE = YES_ERROR;
				GCC_WARN_UNDECLARED_SELECTOR = YES;
				GCC_WARN_UNINITIALIZED_AUTOS = YES_AGGRESSIVE;
				GCC_WARN_UNUSED_FUNCTION = YES;
				GCC_WARN_UNUSED_VARIABLE = YES;
				IPHONEOS_DEPLOYMENT_TARGET = 8.0;
				MTL_ENABLE_DEBUG_INFO = NO;
				SDKROOT = iphoneos;
				TARGETED_DEVICE_FAMILY = "1,2";
				VALIDATE_PRODUCT = YES;
			};
			name = Release;
		};
		9F67647C19EA0E4A0056E26F /* Debug */ = {
			isa = XCBuildConfiguration;
			buildSettings = {
				ASSETCATALOG_COMPILER_APPICON_NAME = AppIcon;
				INFOPLIST_FILE = SimpleWhiteboard/Info.plist;
				LD_RUNPATH_SEARCH_PATHS = "$(inherited) @executable_path/Frameworks";
				PRODUCT_NAME = "$(TARGET_NAME)";
			};
			name = Debug;
		};
		9F67647D19EA0E4A0056E26F /* Release */ = {
			isa = XCBuildConfiguration;
			buildSettings = {
				ASSETCATALOG_COMPILER_APPICON_NAME = AppIcon;
				INFOPLIST_FILE = SimpleWhiteboard/Info.plist;
				LD_RUNPATH_SEARCH_PATHS = "$(inherited) @executable_path/Frameworks";
				PRODUCT_NAME = "$(TARGET_NAME)";
			};
			name = Release;
		};
		9F67647F19EA0E4A0056E26F /* Debug */ = {
			isa = XCBuildConfiguration;
			buildSettings = {
				BUNDLE_LOADER = "$(TEST_HOST)";
				FRAMEWORK_SEARCH_PATHS = (
					"$(SDKROOT)/Developer/Library/Frameworks",
					"$(inherited)",
				);
				GCC_PREPROCESSOR_DEFINITIONS = (
					"DEBUG=1",
					"$(inherited)",
				);
				INFOPLIST_FILE = SimpleWhiteboardTests/Info.plist;
				LD_RUNPATH_SEARCH_PATHS = "$(inherited) @executable_path/Frameworks @loader_path/Frameworks";
				PRODUCT_NAME = "$(TARGET_NAME)";
				TEST_HOST = "$(BUILT_PRODUCTS_DIR)/SimpleWhiteboard.app/SimpleWhiteboard";
			};
			name = Debug;
		};
		9F67648019EA0E4A0056E26F /* Release */ = {
			isa = XCBuildConfiguration;
			buildSettings = {
				BUNDLE_LOADER = "$(TEST_HOST)";
				FRAMEWORK_SEARCH_PATHS = (
					"$(SDKROOT)/Developer/Library/Frameworks",
					"$(inherited)",
				);
				INFOPLIST_FILE = SimpleWhiteboardTests/Info.plist;
				LD_RUNPATH_SEARCH_PATHS = "$(inherited) @executable_path/Frameworks @loader_path/Frameworks";
				PRODUCT_NAME = "$(TARGET_NAME)";
				TEST_HOST = "$(BUILT_PRODUCTS_DIR)/SimpleWhiteboard.app/SimpleWhiteboard";
			};
			name = Release;
		};
/* End XCBuildConfiguration section */

/* Begin XCConfigurationList section */
		9F67645319EA0E4A0056E26F /* Build configuration list for PBXProject "SimpleWhiteboard" */ = {
			isa = XCConfigurationList;
			buildConfigurations = (
				9F67647919EA0E4A0056E26F /* Debug */,
				9F67647A19EA0E4A0056E26F /* Release */,
			);
			defaultConfigurationIsVisible = 0;
			defaultConfigurationName = Release;
		};
		9F67647B19EA0E4A0056E26F /* Build configuration list for PBXNativeTarget "SimpleWhiteboard" */ = {
			isa = XCConfigurationList;
			buildConfigurations = (
				9F67647C19EA0E4A0056E26F /* Debug */,
				9F67647D19EA0E4A0056E26F /* Release */,
			);
			defaultConfigurationIsVisible = 0;
			defaultConfigurationName = Release;
		};
		9F67647E19EA0E4A0056E26F /* Build configuration list for PBXNativeTarget "SimpleWhiteboardTests" */ = {
			isa = XCConfigurationList;
			buildConfigurations = (
				9F67647F19EA0E4A0056E26F /* Debug */,
				9F67648019EA0E4A0056E26F /* Release */,
			);
			defaultConfigurationIsVisible = 0;
			defaultConfigurationName = Release;
		};
/* End XCConfigurationList section */
	};
	rootObject = 9F67645019EA0E4A0056E26F /* Project object */;
}
